
Microsoft Visual Studio Solution File, Format Version 12.00
# Visual Studio Version 16
VisualStudioVersion = 16.0.31313.79
MinimumVisualStudioVersion = 10.0.40219.1
Project("{FAE04EC0-301F-11D3-BF4B-00C04F79EFBC}") = "RetailSolution.API", "RetailSolution.API\RetailSolution.API.csproj", "{C634AAD5-5839-409E-8632-8747EAB56166}"
EndProject
Project("{FAE04EC0-301F-11D3-BF4B-00C04F79EFBC}") = "RetailSoultion.DAL", "RetailSoultion.DAL\RetailSoultion.DAL.csproj", "{AC7C4077-9B95-47E0-82FF-308BB915B0EC}"
EndProject
Project("{FAE04EC0-301F-11D3-BF4B-00C04F79EFBC}") = "RetailSoultion.Domain", "RetailSoultion.Domain\RetailSoultion.Domain.csproj", "{08A49B96-4CF9-49CC-8C7C-39FD4F41B8ED}"
EndProject
Project("{FAE04EC0-301F-11D3-BF4B-00C04F79EFBC}") = "RetailSoultion.Entities", "RetailSoultion.Entities\RetailSoultion.Entities.csproj", "{340D71D3-4DA4-4C09-8315-7066F9D549B4}"
EndProject
Project("{FAE04EC0-301F-11D3-BF4B-00C04F79EFBC}") = "RetailSolution.Services", "RetailSolution.Services\RetailSolution.Services.csproj", "{213E69AC-C9B8-49A0-BD4E-EAE7B7AA0CF5}"
EndProject
Global
	GlobalSection(SolutionConfigurationPlatforms) = preSolution
		Debug|Any CPU = Debug|Any CPU
		Release|Any CPU = Release|Any CPU
	EndGlobalSection
	GlobalSection(ProjectConfigurationPlatforms) = postSolution
		{C634AAD5-5839-409E-8632-8747EAB56166}.Debug|Any CPU.ActiveCfg = Debug|Any CPU
		{C634AAD5-5839-409E-8632-8747EAB56166}.Debug|Any CPU.Build.0 = Debug|Any CPU
		{C634AAD5-5839-409E-8632-8747EAB56166}.Release|Any CPU.ActiveCfg = Release|Any CPU
		{C634AAD5-5839-409E-8632-8747EAB56166}.Release|Any CPU.Build.0 = Release|Any CPU
		{AC7C4077-9B95-47E0-82FF-308BB915B0EC}.Debug|Any CPU.ActiveCfg = Debug|Any CPU
		{AC7C4077-9B95-47E0-82FF-308BB915B0EC}.Debug|Any CPU.Build.0 = Debug|Any CPU
		{AC7C4077-9B95-47E0-82FF-308BB915B0EC}.Release|Any CPU.ActiveCfg = Release|Any CPU
		{AC7C4077-9B95-47E0-82FF-308BB915B0EC}.Release|Any CPU.Build.0 = Release|Any CPU
		{08A49B96-4CF9-49CC-8C7C-39FD4F41B8ED}.Debug|Any CPU.ActiveCfg = Debug|Any CPU
		{08A49B96-4CF9-49CC-8C7C-39FD4F41B8ED}.Debug|Any CPU.Build.0 = Debug|Any CPU
		{08A49B96-4CF9-49CC-8C7C-39FD4F41B8ED}.Release|Any CPU.ActiveCfg = Release|Any CPU
		{08A49B96-4CF9-49CC-8C7C-39FD4F41B8ED}.Release|Any CPU.Build.0 = Release|Any CPU
		{340D71D3-4DA4-4C09-8315-7066F9D549B4}.Debug|Any CPU.ActiveCfg = Debug|Any CPU
		{340D71D3-4DA4-4C09-8315-7066F9D549B4}.Debug|Any CPU.Build.0 = Debug|Any CPU
		{340D71D3-4DA4-4C09-8315-7066F9D549B4}.Release|Any CPU.ActiveCfg = Release|Any CPU
		{340D71D3-4DA4-4C09-8315-7066F9D549B4}.Release|Any CPU.Build.0 = Release|Any CPU
		{213E69AC-C9B8-49A0-BD4E-EAE7B7AA0CF5}.Debug|Any CPU.ActiveCfg = Debug|Any CPU
		{213E69AC-C9B8-49A0-BD4E-EAE7B7AA0CF5}.Debug|Any CPU.Build.0 = Debug|Any CPU
		{213E69AC-C9B8-49A0-BD4E-EAE7B7AA0CF5}.Release|Any CPU.ActiveCfg = Release|Any CPU
		{213E69AC-C9B8-49A0-BD4E-EAE7B7AA0CF5}.Release|Any CPU.Build.0 = Release|Any CPU
	EndGlobalSection
	GlobalSection(SolutionProperties) = preSolution
		HideSolutionNode = FALSE
	EndGlobalSection
	GlobalSection(ExtensibilityGlobals) = postSolution
		SolutionGuid = {AB84846B-BC24-44B2-BC5E-C25394254945}
	EndGlobalSection
EndGlobal
